
Microsoft Visual Studio Solution File, Format Version 12.00
# Visual Studio 15
Project("{FAE04EC0-301F-11D3-BF4B-00C04F79EFBC}") = "PlayFab", "PlayFab.csproj", "{106E0B1C-555D-63AA-97A8-2B043FD44043}"
EndProject
Project("{FAE04EC0-301F-11D3-BF4B-00C04F79EFBC}") = "PhotonUnityNetworking.Demos", "PhotonUnityNetworking.Demos.csproj", "{1C53EAD2-0E40-9043-DD50-C2411BAB6218}"
EndProject
Project("{FAE04EC0-301F-11D3-BF4B-00C04F79EFBC}") = "PhotonUnityNetworking.Utilities", "PhotonUnityNetworking.Utilities.csproj", "{DF6E4EC6-D380-EB8B-7E31-CA41CE621CB7}"
EndProject
Project("{FAE04EC0-301F-11D3-BF4B-00C04F79EFBC}") = "Assembly-CSharp", "Assembly-CSharp.csproj", "{3422B4C1-720D-054C-9A23-0266934E44CE}"
EndProject
Project("{FAE04EC0-301F-11D3-BF4B-00C04F79EFBC}") = "PhotonChat", "PhotonChat.csproj", "{FBF8E574-7EBE-31C1-7D0B-E41D975FF8D0}"
EndProject
Project("{FAE04EC0-301F-11D3-BF4B-00C04F79EFBC}") = "PhotonUnityNetworking", "PhotonUnityNetworking.csproj", "{2661D431-FA60-8AFF-3F5E-ABF5BE0549BA}"
EndProject
Project("{FAE04EC0-301F-11D3-BF4B-00C04F79EFBC}") = "Assembly-CSharp-firstpass", "Assembly-CSharp-firstpass.csproj", "{7CD862C6-2D72-0F0C-CC92-6E20FFBCA7D7}"
EndProject
Project("{FAE04EC0-301F-11D3-BF4B-00C04F79EFBC}") = "PhotonRealtime", "PhotonRealtime.csproj", "{72674400-3366-36C8-84D9-E15394DB4856}"
EndProject
Project("{FAE04EC0-301F-11D3-BF4B-00C04F79EFBC}") = "PhotonWebSocket", "PhotonWebSocket.csproj", "{29171DDB-41D7-CB8B-A3B4-CCEF1F24A2B7}"
EndProject
Project("{FAE04EC0-301F-11D3-BF4B-00C04F79EFBC}") = "PhotonUnityNetworking.Editor", "PhotonUnityNetworking.Editor.csproj", "{BC6C6C76-54D9-F0DE-80CF-158FA73277C5}"
EndProject
Project("{FAE04EC0-301F-11D3-BF4B-00C04F79EFBC}") = "Assembly-CSharp-Editor-firstpass", "Assembly-CSharp-Editor-firstpass.csproj", "{88EC433E-3319-747A-9042-C940F5C4950E}"
EndProject
Project("{FAE04EC0-301F-11D3-BF4B-00C04F79EFBC}") = "PunDemos.DemoHubEditor", "PunDemos.DemoHubEditor.csproj", "{9E5AC5C5-59C3-45AC-4897-A55E79961B9B}"
EndProject
Project("{FAE04EC0-301F-11D3-BF4B-00C04F79EFBC}") = "PhotonUnityNetworking.Utilities.PhotonPlayer.Editor", "PhotonUnityNetworking.Utilities.PhotonPlayer.Editor.csproj", "{6C45B1C0-17C8-1FFC-FA93-413B7B211E1B}"
EndProject
Project("{FAE04EC0-301F-11D3-BF4B-00C04F79EFBC}") = "PhotonUnityNetworking.Utilities.Culling.Editor", "PhotonUnityNetworking.Utilities.Culling.Editor.csproj", "{7C2B797A-60F2-0294-040B-914ABD9FDD0B}"
EndProject
Project("{FAE04EC0-301F-11D3-BF4B-00C04F79EFBC}") = "PunDemos.DemoSlotcarEditor", "PunDemos.DemoSlotcarEditor.csproj", "{1A428163-D1CC-9EF1-5FBD-868BB0D517A5}"
EndProject
Project("{FAE04EC0-301F-11D3-BF4B-00C04F79EFBC}") = "PlayFabSDKEditor", "PlayFabSDKEditor.csproj", "{4912275B-BDBF-27D3-690B-B7534B878E40}"
EndProject
Global
	GlobalSection(SolutionConfigurationPlatforms) = preSolution
		Debug|Any CPU = Debug|Any CPU
		Release|Any CPU = Release|Any CPU
	EndGlobalSection
	GlobalSection(ProjectConfigurationPlatforms) = postSolution
		{106E0B1C-555D-63AA-97A8-2B043FD44043}.Debug|Any CPU.ActiveCfg = Debug|Any CPU
		{106E0B1C-555D-63AA-97A8-2B043FD44043}.Debug|Any CPU.Build.0 = Debug|Any CPU
		{106E0B1C-555D-63AA-97A8-2B043FD44043}.Release|Any CPU.ActiveCfg = Release|Any CPU
		{106E0B1C-555D-63AA-97A8-2B043FD44043}.Release|Any CPU.Build.0 = Release|Any CPU
		{1C53EAD2-0E40-9043-DD50-C2411BAB6218}.Debug|Any CPU.ActiveCfg = Debug|Any CPU
		{1C53EAD2-0E40-9043-DD50-C2411BAB6218}.Debug|Any CPU.Build.0 = Debug|Any CPU
		{1C53EAD2-0E40-9043-DD50-C2411BAB6218}.Release|Any CPU.ActiveCfg = Release|Any CPU
		{1C53EAD2-0E40-9043-DD50-C2411BAB6218}.Release|Any CPU.Build.0 = Release|Any CPU
		{DF6E4EC6-D380-EB8B-7E31-CA41CE621CB7}.Debug|Any CPU.ActiveCfg = Debug|Any CPU
		{DF6E4EC6-D380-EB8B-7E31-CA41CE621CB7}.Debug|Any CPU.Build.0 = Debug|Any CPU
		{DF6E4EC6-D380-EB8B-7E31-CA41CE621CB7}.Release|Any CPU.ActiveCfg = Release|Any CPU
		{DF6E4EC6-D380-EB8B-7E31-CA41CE621CB7}.Release|Any CPU.Build.0 = Release|Any CPU
		{3422B4C1-720D-054C-9A23-0266934E44CE}.Debug|Any CPU.ActiveCfg = Debug|Any CPU
		{3422B4C1-720D-054C-9A23-0266934E44CE}.Debug|Any CPU.Build.0 = Debug|Any CPU
		{3422B4C1-720D-054C-9A23-0266934E44CE}.Release|Any CPU.ActiveCfg = Release|Any CPU
		{3422B4C1-720D-054C-9A23-0266934E44CE}.Release|Any CPU.Build.0 = Release|Any CPU
		{FBF8E574-7EBE-31C1-7D0B-E41D975FF8D0}.Debug|Any CPU.ActiveCfg = Debug|Any CPU
		{FBF8E574-7EBE-31C1-7D0B-E41D975FF8D0}.Debug|Any CPU.Build.0 = Debug|Any CPU
		{FBF8E574-7EBE-31C1-7D0B-E41D975FF8D0}.Release|Any CPU.ActiveCfg = Release|Any CPU
		{FBF8E574-7EBE-31C1-7D0B-E41D975FF8D0}.Release|Any CPU.Build.0 = Release|Any CPU
		{2661D431-FA60-8AFF-3F5E-ABF5BE0549BA}.Debug|Any CPU.ActiveCfg = Debug|Any CPU
		{2661D431-FA60-8AFF-3F5E-ABF5BE0549BA}.Debug|Any CPU.Build.0 = Debug|Any CPU
		{2661D431-FA60-8AFF-3F5E-ABF5BE0549BA}.Release|Any CPU.ActiveCfg = Release|Any CPU
		{2661D431-FA60-8AFF-3F5E-ABF5BE0549BA}.Release|Any CPU.Build.0 = Release|Any CPU
		{7CD862C6-2D72-0F0C-CC92-6E20FFBCA7D7}.Debug|Any CPU.ActiveCfg = Debug|Any CPU
		{7CD862C6-2D72-0F0C-CC92-6E20FFBCA7D7}.Debug|Any CPU.Build.0 = Debug|Any CPU
		{7CD862C6-2D72-0F0C-CC92-6E20FFBCA7D7}.Release|Any CPU.ActiveCfg = Release|Any CPU
		{7CD862C6-2D72-0F0C-CC92-6E20FFBCA7D7}.Release|Any CPU.Build.0 = Release|Any CPU
		{72674400-3366-36C8-84D9-E15394DB4856}.Debug|Any CPU.ActiveCfg = Debug|Any CPU
		{72674400-3366-36C8-84D9-E15394DB4856}.Debug|Any CPU.Build.0 = Debug|Any CPU
		{72674400-3366-36C8-84D9-E15394DB4856}.Release|Any CPU.ActiveCfg = Release|Any CPU
		{72674400-3366-36C8-84D9-E15394DB4856}.Release|Any CPU.Build.0 = Release|Any CPU
		{29171DDB-41D7-CB8B-A3B4-CCEF1F24A2B7}.Debug|Any CPU.ActiveCfg = Debug|Any CPU
		{29171DDB-41D7-CB8B-A3B4-CCEF1F24A2B7}.Debug|Any CPU.Build.0 = Debug|Any CPU
		{29171DDB-41D7-CB8B-A3B4-CCEF1F24A2B7}.Release|Any CPU.ActiveCfg = Release|Any CPU
		{29171DDB-41D7-CB8B-A3B4-CCEF1F24A2B7}.Release|Any CPU.Build.0 = Release|Any CPU
		{BC6C6C76-54D9-F0DE-80CF-158FA73277C5}.Debug|Any CPU.ActiveCfg = Debug|Any CPU
		{BC6C6C76-54D9-F0DE-80CF-158FA73277C5}.Debug|Any CPU.Build.0 = Debug|Any CPU
		{BC6C6C76-54D9-F0DE-80CF-158FA73277C5}.Release|Any CPU.ActiveCfg = Release|Any CPU
		{BC6C6C76-54D9-F0DE-80CF-158FA73277C5}.Release|Any CPU.Build.0 = Release|Any CPU
		{88EC433E-3319-747A-9042-C940F5C4950E}.Debug|Any CPU.ActiveCfg = Debug|Any CPU
		{88EC433E-3319-747A-9042-C940F5C4950E}.Debug|Any CPU.Build.0 = Debug|Any CPU
		{88EC433E-3319-747A-9042-C940F5C4950E}.Release|Any CPU.ActiveCfg = Release|Any CPU
		{88EC433E-3319-747A-9042-C940F5C4950E}.Release|Any CPU.Build.0 = Release|Any CPU
		{9E5AC5C5-59C3-45AC-4897-A55E79961B9B}.Debug|Any CPU.ActiveCfg = Debug|Any CPU
		{9E5AC5C5-59C3-45AC-4897-A55E79961B9B}.Debug|Any CPU.Build.0 = Debug|Any CPU
		{9E5AC5C5-59C3-45AC-4897-A55E79961B9B}.Release|Any CPU.ActiveCfg = Release|Any CPU
		{9E5AC5C5-59C3-45AC-4897-A55E79961B9B}.Release|Any CPU.Build.0 = Release|Any CPU
		{6C45B1C0-17C8-1FFC-FA93-413B7B211E1B}.Debug|Any CPU.ActiveCfg = Debug|Any CPU
		{6C45B1C0-17C8-1FFC-FA93-413B7B211E1B}.Debug|Any CPU.Build.0 = Debug|Any CPU
		{6C45B1C0-17C8-1FFC-FA93-413B7B211E1B}.Release|Any CPU.ActiveCfg = Release|Any CPU
		{6C45B1C0-17C8-1FFC-FA93-413B7B211E1B}.Release|Any CPU.Build.0 = Release|Any CPU
		{7C2B797A-60F2-0294-040B-914ABD9FDD0B}.Debug|Any CPU.ActiveCfg = Debug|Any CPU
		{7C2B797A-60F2-0294-040B-914ABD9FDD0B}.Debug|Any CPU.Build.0 = Debug|Any CPU
		{7C2B797A-60F2-0294-040B-914ABD9FDD0B}.Release|Any CPU.ActiveCfg = Release|Any CPU
		{7C2B797A-60F2-0294-040B-914ABD9FDD0B}.Release|Any CPU.Build.0 = Release|Any CPU
		{1A428163-D1CC-9EF1-5FBD-868BB0D517A5}.Debug|Any CPU.ActiveCfg = Debug|Any CPU
		{1A428163-D1CC-9EF1-5FBD-868BB0D517A5}.Debug|Any CPU.Build.0 = Debug|Any CPU
		{1A428163-D1CC-9EF1-5FBD-868BB0D517A5}.Release|Any CPU.ActiveCfg = Release|Any CPU
		{1A428163-D1CC-9EF1-5FBD-868BB0D517A5}.Release|Any CPU.Build.0 = Release|Any CPU
		{4912275B-BDBF-27D3-690B-B7534B878E40}.Debug|Any CPU.ActiveCfg = Debug|Any CPU
		{4912275B-BDBF-27D3-690B-B7534B878E40}.Debug|Any CPU.Build.0 = Debug|Any CPU
		{4912275B-BDBF-27D3-690B-B7534B878E40}.Release|Any CPU.ActiveCfg = Release|Any CPU
		{4912275B-BDBF-27D3-690B-B7534B878E40}.Release|Any CPU.Build.0 = Release|Any CPU
	EndGlobalSection
	GlobalSection(SolutionProperties) = preSolution
		HideSolutionNode = FALSE
	EndGlobalSection
EndGlobal
